
Microsoft Visual Studio Solution File, Format Version 12.00
# Visual Studio Version 17
VisualStudioVersion = 17.0.31903.59
MinimumVisualStudioVersion = 10.0.40219.1
Project("{2150E333-8FDC-42A3-9474-1A3956D46DE8}") = "src", "src", "{827E0CD3-B72D-47B6-A68D-7590B98EB39B}"
EndProject
Project("{FAE04EC0-301F-11D3-BF4B-00C04F79EFBC}") = "Stock.Service", "src\Stock.Service\Stock.Service.csproj", "{6F217B3C-912B-494A-8ED4-3B55379D275A}"
EndProject
Project("{FAE04EC0-301F-11D3-BF4B-00C04F79EFBC}") = "Sales.Service", "src\Sales.Service\Sales.Service.csproj", "{A70AF712-ABE4-489F-B6B5-315823201108}"
EndProject
Project("{FAE04EC0-301F-11D3-BF4B-00C04F79EFBC}") = "Shared.Contracts", "src\Shared.Contracts\Shared.Contracts.csproj", "{25E7649E-DB9C-407A-AA8B-20E654876ECA}"
EndProject
Global
	GlobalSection(SolutionConfigurationPlatforms) = preSolution
		Debug|Any CPU = Debug|Any CPU
		Debug|x64 = Debug|x64
		Debug|x86 = Debug|x86
		Release|Any CPU = Release|Any CPU
		Release|x64 = Release|x64
		Release|x86 = Release|x86
	EndGlobalSection
	GlobalSection(ProjectConfigurationPlatforms) = postSolution
		{6F217B3C-912B-494A-8ED4-3B55379D275A}.Debug|Any CPU.ActiveCfg = Debug|Any CPU
		{6F217B3C-912B-494A-8ED4-3B55379D275A}.Debug|Any CPU.Build.0 = Debug|Any CPU
		{6F217B3C-912B-494A-8ED4-3B55379D275A}.Debug|x64.ActiveCfg = Debug|Any CPU
		{6F217B3C-912B-494A-8ED4-3B55379D275A}.Debug|x64.Build.0 = Debug|Any CPU
		{6F217B3C-912B-494A-8ED4-3B55379D275A}.Debug|x86.ActiveCfg = Debug|Any CPU
		{6F217B3C-912B-494A-8ED4-3B55379D275A}.Debug|x86.Build.0 = Debug|Any CPU
		{6F217B3C-912B-494A-8ED4-3B55379D275A}.Release|Any CPU.ActiveCfg = Release|Any CPU
		{6F217B3C-912B-494A-8ED4-3B55379D275A}.Release|Any CPU.Build.0 = Release|Any CPU
		{6F217B3C-912B-494A-8ED4-3B55379D275A}.Release|x64.ActiveCfg = Release|Any CPU
		{6F217B3C-912B-494A-8ED4-3B55379D275A}.Release|x64.Build.0 = Release|Any CPU
		{6F217B3C-912B-494A-8ED4-3B55379D275A}.Release|x86.ActiveCfg = Release|Any CPU
		{6F217B3C-912B-494A-8ED4-3B55379D275A}.Release|x86.Build.0 = Release|Any CPU
		{A70AF712-ABE4-489F-B6B5-315823201108}.Debug|Any CPU.ActiveCfg = Debug|Any CPU
		{A70AF712-ABE4-489F-B6B5-315823201108}.Debug|Any CPU.Build.0 = Debug|Any CPU
		{A70AF712-ABE4-489F-B6B5-315823201108}.Debug|x64.ActiveCfg = Debug|Any CPU
		{A70AF712-ABE4-489F-B6B5-315823201108}.Debug|x64.Build.0 = Debug|Any CPU
		{A70AF712-ABE4-489F-B6B5-315823201108}.Debug|x86.ActiveCfg = Debug|Any CPU
		{A70AF712-ABE4-489F-B6B5-315823201108}.Debug|x86.Build.0 = Debug|Any CPU
		{A70AF712-ABE4-489F-B6B5-315823201108}.Release|Any CPU.ActiveCfg = Release|Any CPU
		{A70AF712-ABE4-489F-B6B5-315823201108}.Release|Any CPU.Build.0 = Release|Any CPU
		{A70AF712-ABE4-489F-B6B5-315823201108}.Release|x64.ActiveCfg = Release|Any CPU
		{A70AF712-ABE4-489F-B6B5-315823201108}.Release|x64.Build.0 = Release|Any CPU
		{A70AF712-ABE4-489F-B6B5-315823201108}.Release|x86.ActiveCfg = Release|Any CPU
		{A70AF712-ABE4-489F-B6B5-315823201108}.Release|x86.Build.0 = Release|Any CPU
		{25E7649E-DB9C-407A-AA8B-20E654876ECA}.Debug|Any CPU.ActiveCfg = Debug|Any CPU
		{25E7649E-DB9C-407A-AA8B-20E654876ECA}.Debug|Any CPU.Build.0 = Debug|Any CPU
		{25E7649E-DB9C-407A-AA8B-20E654876ECA}.Debug|x64.ActiveCfg = Debug|Any CPU
		{25E7649E-DB9C-407A-AA8B-20E654876ECA}.Debug|x64.Build.0 = Debug|Any CPU
		{25E7649E-DB9C-407A-AA8B-20E654876ECA}.Debug|x86.ActiveCfg = Debug|Any CPU
		{25E7649E-DB9C-407A-AA8B-20E654876ECA}.Debug|x86.Build.0 = Debug|Any CPU
		{25E7649E-DB9C-407A-AA8B-20E654876ECA}.Release|Any CPU.ActiveCfg = Release|Any CPU
		{25E7649E-DB9C-407A-AA8B-20E654876ECA}.Release|Any CPU.Build.0 = Release|Any CPU
		{25E7649E-DB9C-407A-AA8B-20E654876ECA}.Release|x64.ActiveCfg = Release|Any CPU
		{25E7649E-DB9C-407A-AA8B-20E654876ECA}.Release|x64.Build.0 = Release|Any CPU
		{25E7649E-DB9C-407A-AA8B-20E654876ECA}.Release|x86.ActiveCfg = Release|Any CPU
		{25E7649E-DB9C-407A-AA8B-20E654876ECA}.Release|x86.Build.0 = Release|Any CPU
	EndGlobalSection
	GlobalSection(SolutionProperties) = preSolution
		HideSolutionNode = FALSE
	EndGlobalSection
	GlobalSection(NestedProjects) = preSolution
		{6F217B3C-912B-494A-8ED4-3B55379D275A} = {827E0CD3-B72D-47B6-A68D-7590B98EB39B}
		{A70AF712-ABE4-489F-B6B5-315823201108} = {827E0CD3-B72D-47B6-A68D-7590B98EB39B}
		{25E7649E-DB9C-407A-AA8B-20E654876ECA} = {827E0CD3-B72D-47B6-A68D-7590B98EB39B}
	EndGlobalSection
EndGlobal
